
Microsoft Visual Studio Solution File, Format Version 12.00
Project("{FAE04EC0-301F-11D3-BF4B-00C04F79EFBC}") = "PokerTrainer", "PokerTrainer\PokerTrainer.csproj", "{FDF93035-3924-4D86-BF38-4713DC12964A}"
EndProject
Global
	GlobalSection(SolutionConfigurationPlatforms) = preSolution
		Debug|Any CPU = Debug|Any CPU
		Release|Any CPU = Release|Any CPU
	EndGlobalSection
	GlobalSection(ProjectConfigurationPlatforms) = postSolution
		{FDF93035-3924-4D86-BF38-4713DC12964A}.Debug|Any CPU.ActiveCfg = Debug|Any CPU
		{FDF93035-3924-4D86-BF38-4713DC12964A}.Debug|Any CPU.Build.0 = Debug|Any CPU
		{FDF93035-3924-4D86-BF38-4713DC12964A}.Release|Any CPU.ActiveCfg = Release|Any CPU
		{FDF93035-3924-4D86-BF38-4713DC12964A}.Release|Any CPU.Build.0 = Release|Any CPU
	EndGlobalSection
EndGlobal
